
Microsoft Visual Studio Solution File, Format Version 12.00
# Visual Studio 2013
VisualStudioVersion = 12.0.21005.1
MinimumVisualStudioVersion = 10.0.40219.1
Project("{8BC9CEB8-8B4A-11D0-8D11-00A0C91BC942}") = "XDraw", "XDraw.MD-VS2013.vcxproj", "{95B2CB34-B4E7-489C-BDD0-1DD8ED6DAC59}"
EndProject
Global
	GlobalSection(SolutionConfigurationPlatforms) = preSolution
		Debug UNICODE|Win32 = Debug UNICODE|Win32
		Debug|Win32 = Debug|Win32
		Release UNICODE|Win32 = Release UNICODE|Win32
		Release|Win32 = Release|Win32
	EndGlobalSection
	GlobalSection(ProjectConfigurationPlatforms) = postSolution
		{95B2CB34-B4E7-489C-BDD0-1DD8ED6DAC59}.Debug UNICODE|Win32.ActiveCfg = Debug UNICODE|Win32
		{95B2CB34-B4E7-489C-BDD0-1DD8ED6DAC59}.Debug UNICODE|Win32.Build.0 = Debug UNICODE|Win32
		{95B2CB34-B4E7-489C-BDD0-1DD8ED6DAC59}.Debug|Win32.ActiveCfg = Debug|Win32
		{95B2CB34-B4E7-489C-BDD0-1DD8ED6DAC59}.Debug|Win32.Build.0 = Debug|Win32
		{95B2CB34-B4E7-489C-BDD0-1DD8ED6DAC59}.Release UNICODE|Win32.ActiveCfg = Release UNICODE|Win32
		{95B2CB34-B4E7-489C-BDD0-1DD8ED6DAC59}.Release UNICODE|Win32.Build.0 = Release UNICODE|Win32
		{95B2CB34-B4E7-489C-BDD0-1DD8ED6DAC59}.Release|Win32.ActiveCfg = Release|Win32
		{95B2CB34-B4E7-489C-BDD0-1DD8ED6DAC59}.Release|Win32.Build.0 = Release|Win32
	EndGlobalSection
	GlobalSection(SolutionProperties) = preSolution
		HideSolutionNode = FALSE
	EndGlobalSection
EndGlobal
